
Microsoft Visual Studio Solution File, Format Version 12.00
# Visual Studio 15
VisualStudioVersion = 15.0.28307.1000
MinimumVisualStudioVersion = 10.0.40219.1
Project("{B1E792BE-AA5F-4E3C-8C82-674BF9C0715B}") = "InxtonEssentials", "InxtonEssentials\InxtonEssentials.tsproj", "{75195C35-8C3D-41B8-87FD-8F99E437311A}"
EndProject
Project("{FAE04EC0-301F-11D3-BF4B-00C04F79EFBC}") = "MainPlcHMI", "MainPlcHMI\MainPlcHMI.csproj", "{45CDC763-E369-400C-AEAE-B3B45B986249}"
EndProject
Project("{FAE04EC0-301F-11D3-BF4B-00C04F79EFBC}") = "MainPlcConnector", "MainPlcConnector\MainPlcConnector.csproj", "{BE476349-634F-4537-B793-2C893BF64D3E}"
EndProject
Global
	GlobalSection(SolutionConfigurationPlatforms) = preSolution
		Debug|Any CPU = Debug|Any CPU
		Debug|TwinCAT CE7 (ARMV7) = Debug|TwinCAT CE7 (ARMV7)
		Debug|TwinCAT OS (ARMT2) = Debug|TwinCAT OS (ARMT2)
		Debug|TwinCAT RT (x64) = Debug|TwinCAT RT (x64)
		Debug|TwinCAT RT (x86) = Debug|TwinCAT RT (x86)
		Release|Any CPU = Release|Any CPU
		Release|TwinCAT CE7 (ARMV7) = Release|TwinCAT CE7 (ARMV7)
		Release|TwinCAT OS (ARMT2) = Release|TwinCAT OS (ARMT2)
		Release|TwinCAT RT (x64) = Release|TwinCAT RT (x64)
		Release|TwinCAT RT (x86) = Release|TwinCAT RT (x86)
	EndGlobalSection
	GlobalSection(ProjectConfigurationPlatforms) = postSolution
		{75195C35-8C3D-41B8-87FD-8F99E437311A}.Debug|Any CPU.ActiveCfg = Debug|TwinCAT OS (ARMT2)
		{75195C35-8C3D-41B8-87FD-8F99E437311A}.Debug|TwinCAT CE7 (ARMV7).ActiveCfg = Debug|TwinCAT CE7 (ARMV7)
		{75195C35-8C3D-41B8-87FD-8F99E437311A}.Debug|TwinCAT CE7 (ARMV7).Build.0 = Debug|TwinCAT CE7 (ARMV7)
		{75195C35-8C3D-41B8-87FD-8F99E437311A}.Debug|TwinCAT OS (ARMT2).ActiveCfg = Debug|TwinCAT OS (ARMT2)
		{75195C35-8C3D-41B8-87FD-8F99E437311A}.Debug|TwinCAT OS (ARMT2).Build.0 = Debug|TwinCAT OS (ARMT2)
		{75195C35-8C3D-41B8-87FD-8F99E437311A}.Debug|TwinCAT RT (x64).ActiveCfg = Debug|TwinCAT RT (x64)
		{75195C35-8C3D-41B8-87FD-8F99E437311A}.Debug|TwinCAT RT (x64).Build.0 = Debug|TwinCAT RT (x64)
		{75195C35-8C3D-41B8-87FD-8F99E437311A}.Debug|TwinCAT RT (x86).ActiveCfg = Debug|TwinCAT RT (x86)
		{75195C35-8C3D-41B8-87FD-8F99E437311A}.Debug|TwinCAT RT (x86).Build.0 = Debug|TwinCAT RT (x86)
		{75195C35-8C3D-41B8-87FD-8F99E437311A}.Release|Any CPU.ActiveCfg = Release|TwinCAT OS (ARMT2)
		{75195C35-8C3D-41B8-87FD-8F99E437311A}.Release|TwinCAT CE7 (ARMV7).ActiveCfg = Release|TwinCAT CE7 (ARMV7)
		{75195C35-8C3D-41B8-87FD-8F99E437311A}.Release|TwinCAT CE7 (ARMV7).Build.0 = Release|TwinCAT CE7 (ARMV7)
		{75195C35-8C3D-41B8-87FD-8F99E437311A}.Release|TwinCAT OS (ARMT2).ActiveCfg = Release|TwinCAT OS (ARMT2)
		{75195C35-8C3D-41B8-87FD-8F99E437311A}.Release|TwinCAT OS (ARMT2).Build.0 = Release|TwinCAT OS (ARMT2)
		{75195C35-8C3D-41B8-87FD-8F99E437311A}.Release|TwinCAT RT (x64).ActiveCfg = Release|TwinCAT RT (x64)
		{75195C35-8C3D-41B8-87FD-8F99E437311A}.Release|TwinCAT RT (x64).Build.0 = Release|TwinCAT RT (x64)
		{75195C35-8C3D-41B8-87FD-8F99E437311A}.Release|TwinCAT RT (x86).ActiveCfg = Release|TwinCAT RT (x86)
		{75195C35-8C3D-41B8-87FD-8F99E437311A}.Release|TwinCAT RT (x86).Build.0 = Release|TwinCAT RT (x86)
		{C9148B4D-9FBC-4554-B11A-34D25FFE70DB}.Debug|Any CPU.ActiveCfg = Debug|TwinCAT OS (ARMT2)
		{C9148B4D-9FBC-4554-B11A-34D25FFE70DB}.Debug|TwinCAT CE7 (ARMV7).ActiveCfg = Debug|TwinCAT CE7 (ARMV7)
		{C9148B4D-9FBC-4554-B11A-34D25FFE70DB}.Debug|TwinCAT CE7 (ARMV7).Build.0 = Debug|TwinCAT CE7 (ARMV7)
		{C9148B4D-9FBC-4554-B11A-34D25FFE70DB}.Debug|TwinCAT OS (ARMT2).ActiveCfg = Debug|TwinCAT OS (ARMT2)
		{C9148B4D-9FBC-4554-B11A-34D25FFE70DB}.Debug|TwinCAT OS (ARMT2).Build.0 = Debug|TwinCAT OS (ARMT2)
		{C9148B4D-9FBC-4554-B11A-34D25FFE70DB}.Debug|TwinCAT RT (x64).ActiveCfg = Debug|TwinCAT RT (x64)
		{C9148B4D-9FBC-4554-B11A-34D25FFE70DB}.Debug|TwinCAT RT (x64).Build.0 = Debug|TwinCAT RT (x64)
		{C9148B4D-9FBC-4554-B11A-34D25FFE70DB}.Debug|TwinCAT RT (x86).ActiveCfg = Debug|TwinCAT RT (x86)
		{C9148B4D-9FBC-4554-B11A-34D25FFE70DB}.Debug|TwinCAT RT (x86).Build.0 = Debug|TwinCAT RT (x86)
		{C9148B4D-9FBC-4554-B11A-34D25FFE70DB}.Release|Any CPU.ActiveCfg = Release|TwinCAT OS (ARMT2)
		{C9148B4D-9FBC-4554-B11A-34D25FFE70DB}.Release|TwinCAT CE7 (ARMV7).ActiveCfg = Release|TwinCAT CE7 (ARMV7)
		{C9148B4D-9FBC-4554-B11A-34D25FFE70DB}.Release|TwinCAT CE7 (ARMV7).Build.0 = Release|TwinCAT CE7 (ARMV7)
		{C9148B4D-9FBC-4554-B11A-34D25FFE70DB}.Release|TwinCAT OS (ARMT2).ActiveCfg = Release|TwinCAT OS (ARMT2)
		{C9148B4D-9FBC-4554-B11A-34D25FFE70DB}.Release|TwinCAT OS (ARMT2).Build.0 = Release|TwinCAT OS (ARMT2)
		{C9148B4D-9FBC-4554-B11A-34D25FFE70DB}.Release|TwinCAT RT (x64).ActiveCfg = Release|TwinCAT RT (x64)
		{C9148B4D-9FBC-4554-B11A-34D25FFE70DB}.Release|TwinCAT RT (x64).Build.0 = Release|TwinCAT RT (x64)
		{C9148B4D-9FBC-4554-B11A-34D25FFE70DB}.Release|TwinCAT RT (x86).ActiveCfg = Release|TwinCAT RT (x86)
		{C9148B4D-9FBC-4554-B11A-34D25FFE70DB}.Release|TwinCAT RT (x86).Build.0 = Release|TwinCAT RT (x86)
		{45CDC763-E369-400C-AEAE-B3B45B986249}.Debug|Any CPU.ActiveCfg = Debug|Any CPU
		{45CDC763-E369-400C-AEAE-B3B45B986249}.Debug|Any CPU.Build.0 = Debug|Any CPU
		{45CDC763-E369-400C-AEAE-B3B45B986249}.Debug|TwinCAT CE7 (ARMV7).ActiveCfg = Debug|Any CPU
		{45CDC763-E369-400C-AEAE-B3B45B986249}.Debug|TwinCAT CE7 (ARMV7).Build.0 = Debug|Any CPU
		{45CDC763-E369-400C-AEAE-B3B45B986249}.Debug|TwinCAT OS (ARMT2).ActiveCfg = Debug|Any CPU
		{45CDC763-E369-400C-AEAE-B3B45B986249}.Debug|TwinCAT OS (ARMT2).Build.0 = Debug|Any CPU
		{45CDC763-E369-400C-AEAE-B3B45B986249}.Debug|TwinCAT RT (x64).ActiveCfg = Debug|Any CPU
		{45CDC763-E369-400C-AEAE-B3B45B986249}.Debug|TwinCAT RT (x64).Build.0 = Debug|Any CPU
		{45CDC763-E369-400C-AEAE-B3B45B986249}.Debug|TwinCAT RT (x86).ActiveCfg = Debug|Any CPU
		{45CDC763-E369-400C-AEAE-B3B45B986249}.Debug|TwinCAT RT (x86).Build.0 = Debug|Any CPU
		{45CDC763-E369-400C-AEAE-B3B45B986249}.Release|Any CPU.ActiveCfg = Release|Any CPU
		{45CDC763-E369-400C-AEAE-B3B45B986249}.Release|Any CPU.Build.0 = Release|Any CPU
		{45CDC763-E369-400C-AEAE-B3B45B986249}.Release|TwinCAT CE7 (ARMV7).ActiveCfg = Release|Any CPU
		{45CDC763-E369-400C-AEAE-B3B45B986249}.Release|TwinCAT CE7 (ARMV7).Build.0 = Release|Any CPU
		{45CDC763-E369-400C-AEAE-B3B45B986249}.Release|TwinCAT OS (ARMT2).ActiveCfg = Release|Any CPU
		{45CDC763-E369-400C-AEAE-B3B45B986249}.Release|TwinCAT OS (ARMT2).Build.0 = Release|Any CPU
		{45CDC763-E369-400C-AEAE-B3B45B986249}.Release|TwinCAT RT (x64).ActiveCfg = Release|Any CPU
		{45CDC763-E369-400C-AEAE-B3B45B986249}.Release|TwinCAT RT (x64).Build.0 = Release|Any CPU
		{45CDC763-E369-400C-AEAE-B3B45B986249}.Release|TwinCAT RT (x86).ActiveCfg = Release|Any CPU
		{45CDC763-E369-400C-AEAE-B3B45B986249}.Release|TwinCAT RT (x86).Build.0 = Release|Any CPU
		{BE476349-634F-4537-B793-2C893BF64D3E}.Debug|Any CPU.ActiveCfg = Debug|Any CPU
		{BE476349-634F-4537-B793-2C893BF64D3E}.Debug|Any CPU.Build.0 = Debug|Any CPU
		{BE476349-634F-4537-B793-2C893BF64D3E}.Debug|TwinCAT CE7 (ARMV7).ActiveCfg = Debug|Any CPU
		{BE476349-634F-4537-B793-2C893BF64D3E}.Debug|TwinCAT CE7 (ARMV7).Build.0 = Debug|Any CPU
		{BE476349-634F-4537-B793-2C893BF64D3E}.Debug|TwinCAT OS (ARMT2).ActiveCfg = Debug|Any CPU
		{BE476349-634F-4537-B793-2C893BF64D3E}.Debug|TwinCAT OS (ARMT2).Build.0 = Debug|Any CPU
		{BE476349-634F-4537-B793-2C893BF64D3E}.Debug|TwinCAT RT (x64).ActiveCfg = Debug|Any CPU
		{BE476349-634F-4537-B793-2C893BF64D3E}.Debug|TwinCAT RT (x64).Build.0 = Debug|Any CPU
		{BE476349-634F-4537-B793-2C893BF64D3E}.Debug|TwinCAT RT (x86).ActiveCfg = Debug|Any CPU
		{BE476349-634F-4537-B793-2C893BF64D3E}.Debug|TwinCAT RT (x86).Build.0 = Debug|Any CPU
		{BE476349-634F-4537-B793-2C893BF64D3E}.Release|Any CPU.ActiveCfg = Release|Any CPU
		{BE476349-634F-4537-B793-2C893BF64D3E}.Release|Any CPU.Build.0 = Release|Any CPU
		{BE476349-634F-4537-B793-2C893BF64D3E}.Release|TwinCAT CE7 (ARMV7).ActiveCfg = Release|Any CPU
		{BE476349-634F-4537-B793-2C893BF64D3E}.Release|TwinCAT CE7 (ARMV7).Build.0 = Release|Any CPU
		{BE476349-634F-4537-B793-2C893BF64D3E}.Release|TwinCAT OS (ARMT2).ActiveCfg = Release|Any CPU
		{BE476349-634F-4537-B793-2C893BF64D3E}.Release|TwinCAT OS (ARMT2).Build.0 = Release|Any CPU
		{BE476349-634F-4537-B793-2C893BF64D3E}.Release|TwinCAT RT (x64).ActiveCfg = Release|Any CPU
		{BE476349-634F-4537-B793-2C893BF64D3E}.Release|TwinCAT RT (x64).Build.0 = Release|Any CPU
		{BE476349-634F-4537-B793-2C893BF64D3E}.Release|TwinCAT RT (x86).ActiveCfg = Release|Any CPU
		{BE476349-634F-4537-B793-2C893BF64D3E}.Release|TwinCAT RT (x86).Build.0 = Release|Any CPU
	EndGlobalSection
	GlobalSection(SolutionProperties) = preSolution
		HideSolutionNode = FALSE
	EndGlobalSection
	GlobalSection(ExtensibilityGlobals) = postSolution
		SolutionGuid = {7420AE6D-B8BD-4AB6-85F0-D5D6A7191F7C}
	EndGlobalSection
EndGlobal
